dependencies:
  cnd: 9.2.1
  hello-wasm: link:../pkg
lockfileVersion: 5.2
packages:
  /cnd/9.2.1:
    dev: false
    hasBin: true
    resolution:
      integrity: sha512-JszZtSlOCxkIvNPKpw1PmIcQUjYO+pBqVoKVH2STHLtG4JHHJ1NHowv39lhyxzlPxUTZk7pZ3qO7CfrfJ8ZSKw==
specifiers:
  cnd: ^9.2.1
  hello-wasm: file://../pkg
